// !$*UTF8*$!
{
	archiveVersion = 1;
	classes = {
	};
	objectVersion = 51;
	objects = {

/* Begin PBXBuildFile section */
		4484C676D0B2100F7308267F /* Pods_Homework_OrganizerTests.framework in Frameworks */ = {isa = PBXBuildFile; fileRef = 11F8A8F604EACD577B865828 /* Pods_Homework_OrganizerTests.framework */; };
		7932F23F24BE32480067241A /* AddSubtasksViewController.m in Sources */ = {isa = PBXBuildFile; fileRef = 7932F23E24BE32480067241A /* AddSubtasksViewController.m */; };
		799F0B4F24BCCBA700FAECC6 /* AppDelegate.m in Sources */ = {isa = PBXBuildFile; fileRef = 799F0B4E24BCCBA700FAECC6 /* AppDelegate.m */; };
		799F0B5224BCCBA700FAECC6 /* SceneDelegate.m in Sources */ = {isa = PBXBuildFile; fileRef = 799F0B5124BCCBA700FAECC6 /* SceneDelegate.m */; };
		799F0B5824BCCBA700FAECC6 /* Main.storyboard in Resources */ = {isa = PBXBuildFile; fileRef = 799F0B5624BCCBA700FAECC6 /* Main.storyboard */; };
		799F0B5A24BCCBA900FAECC6 /* Assets.xcassets in Resources */ = {isa = PBXBuildFile; fileRef = 799F0B5924BCCBA900FAECC6 /* Assets.xcassets */; };
		799F0B5D24BCCBA900FAECC6 /* LaunchScreen.storyboard in Resources */ = {isa = PBXBuildFile; fileRef = 799F0B5B24BCCBA900FAECC6 /* LaunchScreen.storyboard */; };
		799F0B6024BCCBA900FAECC6 /* main.m in Sources */ = {isa = PBXBuildFile; fileRef = 799F0B5F24BCCBA900FAECC6 /* main.m */; };
		799F0B6A24BCCBA900FAECC6 /* Homework_OrganizerTests.m in Sources */ = {isa = PBXBuildFile; fileRef = 799F0B6924BCCBA900FAECC6 /* Homework_OrganizerTests.m */; };
		799F0B7524BCCBA900FAECC6 /* Homework_OrganizerUITests.m in Sources */ = {isa = PBXBuildFile; fileRef = 799F0B7424BCCBA900FAECC6 /* Homework_OrganizerUITests.m */; };
		799F0B8824BCCF0F00FAECC6 /* LoginViewController.m in Sources */ = {isa = PBXBuildFile; fileRef = 799F0B8724BCCF0F00FAECC6 /* LoginViewController.m */; };
		799F0B8B24BCCF2100FAECC6 /* DetailsViewController.m in Sources */ = {isa = PBXBuildFile; fileRef = 799F0B8A24BCCF2100FAECC6 /* DetailsViewController.m */; };
		799F0B8E24BCCF3900FAECC6 /* AssignmentListViewController.m in Sources */ = {isa = PBXBuildFile; fileRef = 799F0B8D24BCCF3900FAECC6 /* AssignmentListViewController.m */; };
		799F0B9124BCCF4500FAECC6 /* CreateViewController.m in Sources */ = {isa = PBXBuildFile; fileRef = 799F0B9024BCCF4500FAECC6 /* CreateViewController.m */; };
		79CF669224BCD063007729B9 /* CalendarViewController.m in Sources */ = {isa = PBXBuildFile; fileRef = 79CF669124BCD063007729B9 /* CalendarViewController.m */; };
		79CF669524BCD52F007729B9 /* AssignmentListCell.m in Sources */ = {isa = PBXBuildFile; fileRef = 79CF669424BCD52F007729B9 /* AssignmentListCell.m */; };
		79CF669824BCE4EA007729B9 /* Assignment.m in Sources */ = {isa = PBXBuildFile; fileRef = 79CF669724BCE4EA007729B9 /* Assignment.m */; };
		79CF669B24BCF7F4007729B9 /* Subtask.m in Sources */ = {isa = PBXBuildFile; fileRef = 79CF669A24BCF7F4007729B9 /* Subtask.m */; };
		9D9A767030D790314F5E9390 /* Pods_Homework_Organizer_Homework_OrganizerUITests.framework in Frameworks */ = {isa = PBXBuildFile; fileRef = B28852C451B243D4CCDD7197 /* Pods_Homework_Organizer_Homework_OrganizerUITests.framework */; };
		F2FFAE4314303C4788DA1E7B /* Pods_Homework_Organizer.framework in Frameworks */ = {isa = PBXBuildFile; fileRef = 10E73D98D67B78703D73A582 /* Pods_Homework_Organizer.framework */; };
/* End PBXBuildFile section */

/* Begin PBXContainerItemProxy section */
		799F0B6624BCCBA900FAECC6 /* PBXContainerItemProxy */ = {
			isa = PBXContainerItemProxy;
			containerPortal = 799F0B4224BCCBA700FAECC6 /* Project object */;
			proxyType = 1;
			remoteGlobalIDString = 799F0B4924BCCBA700FAECC6;
			remoteInfo = "Homework-Organizer";
		};
		799F0B7124BCCBA900FAECC6 /* PBXContainerItemProxy */ = {
			isa = PBXContainerItemProxy;
			containerPortal = 799F0B4224BCCBA700FAECC6 /* Project object */;
			proxyType = 1;
			remoteGlobalIDString = 799F0B4924BCCBA700FAECC6;
			remoteInfo = "Homework-Organizer";
		};
/* End PBXContainerItemProxy section */

/* Begin PBXFileReference section */
		10E73D98D67B78703D73A582 /* Pods_Homework_Organizer.framework */ = {isa = PBXFileReference; explicitFileType = wrapper.framework; includeInIndex = 0; path = Pods_Homework_Organizer.framework; sourceTree = BUILT_PRODUCTS_DIR; };
		11F8A8F604EACD577B865828 /* Pods_Homework_OrganizerTests.framework */ = {isa = PBXFileReference; explicitFileType = wrapper.framework; includeInIndex = 0; path = Pods_Homework_OrganizerTests.framework; sourceTree = BUILT_PRODUCTS_DIR; };
		663374155023BDA3D32591F7 /* Pods-Homework-OrganizerTests.debug.xcconfig */ = {isa = PBXFileReference; includeInIndex = 1; lastKnownFileType = text.xcconfig; name = "Pods-Homework-OrganizerTests.debug.xcconfig"; path = "Target Support Files/Pods-Homework-OrganizerTests/Pods-Homework-OrganizerTests.debug.xcconfig"; sourceTree = "<group>"; };
		7932F23D24BE32480067241A /* AddSubtasksViewController.h */ = {isa = PBXFileReference; lastKnownFileType = sourcecode.c.h; path = AddSubtasksViewController.h; sourceTree = "<group>"; };
		7932F23E24BE32480067241A /* AddSubtasksViewController.m */ = {isa = PBXFileReference; lastKnownFileType = sourcecode.c.objc; path = AddSubtasksViewController.m; sourceTree = "<group>"; };
		799F0B4A24BCCBA700FAECC6 /* Homework-Organizer.app */ = {isa = PBXFileReference; explicitFileType = wrapper.application; includeInIndex = 0; path = "Homework-Organizer.app"; sourceTree = BUILT_PRODUCTS_DIR; };
		799F0B4D24BCCBA700FAECC6 /* AppDelegate.h */ = {isa = PBXFileReference; lastKnownFileType = sourcecode.c.h; path = AppDelegate.h; sourceTree = "<group>"; };
		799F0B4E24BCCBA700FAECC6 /* AppDelegate.m */ = {isa = PBXFileReference; lastKnownFileType = sourcecode.c.objc; path = AppDelegate.m; sourceTree = "<group>"; };
		799F0B5024BCCBA700FAECC6 /* SceneDelegate.h */ = {isa = PBXFileReference; lastKnownFileType = sourcecode.c.h; path = SceneDelegate.h; sourceTree = "<group>"; };
		799F0B5124BCCBA700FAECC6 /* SceneDelegate.m */ = {isa = PBXFileReference; lastKnownFileType = sourcecode.c.objc; path = SceneDelegate.m; sourceTree = "<group>"; };
		799F0B5724BCCBA700FAECC6 /* Base */ = {isa = PBXFileReference; lastKnownFileType = file.storyboard; name = Base; path = Base.lproj/Main.storyboard; sourceTree = "<group>"; };
		799F0B5924BCCBA900FAECC6 /* Assets.xcassets */ = {isa = PBXFileReference; lastKnownFileType = folder.assetcatalog; path = Assets.xcassets; sourceTree = "<group>"; };
		799F0B5C24BCCBA900FAECC6 /* Base */ = {isa = PBXFileReference; lastKnownFileType = file.storyboard; name = Base; path = Base.lproj/LaunchScreen.storyboard; sourceTree = "<group>"; };
		799F0B5E24BCCBA900FAECC6 /* Info.plist */ = {isa = PBXFileReference; lastKnownFileType = text.plist.xml; path = Info.plist; sourceTree = "<group>"; };
		799F0B5F24BCCBA900FAECC6 /* main.m */ = {isa = PBXFileReference; lastKnownFileType = sourcecode.c.objc; path = main.m; sourceTree = "<group>"; };
		799F0B6524BCCBA900FAECC6 /* Homework-OrganizerTests.xctest */ = {isa = PBXFileReference; explicitFileType = wrapper.cfbundle; includeInIndex = 0; path = "Homework-OrganizerTests.xctest"; sourceTree = BUILT_PRODUCTS_DIR; };
		799F0B6924BCCBA900FAECC6 /* Homework_OrganizerTests.m */ = {isa = PBXFileReference; lastKnownFileType = sourcecode.c.objc; path = Homework_OrganizerTests.m; sourceTree = "<group>"; };
		799F0B6B24BCCBA900FAECC6 /* Info.plist */ = {isa = PBXFileReference; lastKnownFileType = text.plist.xml; path = Info.plist; sourceTree = "<group>"; };
		799F0B7024BCCBA900FAECC6 /* Homework-OrganizerUITests.xctest */ = {isa = PBXFileReference; explicitFileType = wrapper.cfbundle; includeInIndex = 0; path = "Homework-OrganizerUITests.xctest"; sourceTree = BUILT_PRODUCTS_DIR; };
		799F0B7424BCCBA900FAECC6 /* Homework_OrganizerUITests.m */ = {isa = PBXFileReference; lastKnownFileType = sourcecode.c.objc; path = Homework_OrganizerUITests.m; sourceTree = "<group>"; };
		799F0B7624BCCBA900FAECC6 /* Info.plist */ = {isa = PBXFileReference; lastKnownFileType = text.plist.xml; path = Info.plist; sourceTree = "<group>"; };
		799F0B8624BCCF0F00FAECC6 /* LoginViewController.h */ = {isa = PBXFileReference; lastKnownFileType = sourcecode.c.h; path = LoginViewController.h; sourceTree = "<group>"; };
		799F0B8724BCCF0F00FAECC6 /* LoginViewController.m */ = {isa = PBXFileReference; lastKnownFileType = sourcecode.c.objc; path = LoginViewController.m; sourceTree = "<group>"; };
		799F0B8924BCCF2100FAECC6 /* DetailsViewController.h */ = {isa = PBXFileReference; lastKnownFileType = sourcecode.c.h; path = DetailsViewController.h; sourceTree = "<group>"; };
		799F0B8A24BCCF2100FAECC6 /* DetailsViewController.m */ = {isa = PBXFileReference; lastKnownFileType = sourcecode.c.objc; path = DetailsViewController.m; sourceTree = "<group>"; };
		799F0B8C24BCCF3900FAECC6 /* AssignmentListViewController.h */ = {isa = PBXFileReference; lastKnownFileType = sourcecode.c.h; path = AssignmentListViewController.h; sourceTree = "<group>"; };
		799F0B8D24BCCF3900FAECC6 /* AssignmentListViewController.m */ = {isa = PBXFileReference; lastKnownFileType = sourcecode.c.objc; path = AssignmentListViewController.m; sourceTree = "<group>"; };
		799F0B8F24BCCF4500FAECC6 /* CreateViewController.h */ = {isa = PBXFileReference; lastKnownFileType = sourcecode.c.h; path = CreateViewController.h; sourceTree = "<group>"; };
		799F0B9024BCCF4500FAECC6 /* CreateViewController.m */ = {isa = PBXFileReference; lastKnownFileType = sourcecode.c.objc; path = CreateViewController.m; sourceTree = "<group>"; };
		79CF669024BCD063007729B9 /* CalendarViewController.h */ = {isa = PBXFileReference; lastKnownFileType = sourcecode.c.h; path = CalendarViewController.h; sourceTree = "<group>"; };
		79CF669124BCD063007729B9 /* CalendarViewController.m */ = {isa = PBXFileReference; lastKnownFileType = sourcecode.c.objc; path = CalendarViewController.m; sourceTree = "<group>"; };
		79CF669324BCD52F007729B9 /* AssignmentListCell.h */ = {isa = PBXFileReference; lastKnownFileType = sourcecode.c.h; path = AssignmentListCell.h; sourceTree = "<group>"; };
		79CF669424BCD52F007729B9 /* AssignmentListCell.m */ = {isa = PBXFileReference; lastKnownFileType = sourcecode.c.objc; path = AssignmentListCell.m; sourceTree = "<group>"; };
		79CF669624BCE4EA007729B9 /* Assignment.h */ = {isa = PBXFileReference; lastKnownFileType = sourcecode.c.h; path = Assignment.h; sourceTree = "<group>"; };
		79CF669724BCE4EA007729B9 /* Assignment.m */ = {isa = PBXFileReference; lastKnownFileType = sourcecode.c.objc; path = Assignment.m; sourceTree = "<group>"; };
		79CF669924BCF7F4007729B9 /* Subtask.h */ = {isa = PBXFileReference; lastKnownFileType = sourcecode.c.h; path = Subtask.h; sourceTree = "<group>"; };
		79CF669A24BCF7F4007729B9 /* Subtask.m */ = {isa = PBXFileReference; lastKnownFileType = sourcecode.c.objc; path = Subtask.m; sourceTree = "<group>"; };
		8FF95A935ACA25C7CB11B5AA /* Pods-Homework-Organizer.debug.xcconfig */ = {isa = PBXFileReference; includeInIndex = 1; lastKnownFileType = text.xcconfig; name = "Pods-Homework-Organizer.debug.xcconfig"; path = "Target Support Files/Pods-Homework-Organizer/Pods-Homework-Organizer.debug.xcconfig"; sourceTree = "<group>"; };
		B28852C451B243D4CCDD7197 /* Pods_Homework_Organizer_Homework_OrganizerUITests.framework */ = {isa = PBXFileReference; explicitFileType = wrapper.framework; includeInIndex = 0; path = Pods_Homework_Organizer_Homework_OrganizerUITests.framework; sourceTree = BUILT_PRODUCTS_DIR; };
		B4DDA940E9B8EF6A88E6E198 /* Pods-Homework-Organizer-Homework-OrganizerUITests.debug.xcconfig */ = {isa = PBXFileReference; includeInIndex = 1; lastKnownFileType = text.xcconfig; name = "Pods-Homework-Organizer-Homework-OrganizerUITests.debug.xcconfig"; path = "Target Support Files/Pods-Homework-Organizer-Homework-OrganizerUITests/Pods-Homework-Organizer-Homework-OrganizerUITests.debug.xcconfig"; sourceTree = "<group>"; };
		BFEF88F1A378FF48A630A63E /* Pods-Homework-Organizer.release.xcconfig */ = {isa = PBXFileReference; includeInIndex = 1; lastKnownFileType = text.xcconfig; name = "Pods-Homework-Organizer.release.xcconfig"; path = "Target Support Files/Pods-Homework-Organizer/Pods-Homework-Organizer.release.xcconfig"; sourceTree = "<group>"; };
		C8945EE53F36881A8031A815 /* Pods-Homework-Organizer-Homework-OrganizerUITests.release.xcconfig */ = {isa = PBXFileReference; includeInIndex = 1; lastKnownFileType = text.xcconfig; name = "Pods-Homework-Organizer-Homework-OrganizerUITests.release.xcconfig"; path = "Target Support Files/Pods-Homework-Organizer-Homework-OrganizerUITests/Pods-Homework-Organizer-Homework-OrganizerUITests.release.xcconfig"; sourceTree = "<group>"; };
		FD7B08A34FA67751C75E8562 /* Pods-Homework-OrganizerTests.release.xcconfig */ = {isa = PBXFileReference; includeInIndex = 1; lastKnownFileType = text.xcconfig; name = "Pods-Homework-OrganizerTests.release.xcconfig"; path = "Target Support Files/Pods-Homework-OrganizerTests/Pods-Homework-OrganizerTests.release.xcconfig"; sourceTree = "<group>"; };
/* End PBXFileReference section */

/* Begin PBXFrameworksBuildPhase section */
		799F0B4724BCCBA700FAECC6 /* Frameworks */ = {
			isa = PBXFrameworksBuildPhase;
			buildActionMask = 2147483647;
			files = (
				F2FFAE4314303C4788DA1E7B /* Pods_Homework_Organizer.framework in Frameworks */,
			);
			runOnlyForDeploymentPostprocessing = 0;
		};
		799F0B6224BCCBA900FAECC6 /* Frameworks */ = {
			isa = PBXFrameworksBuildPhase;
			buildActionMask = 2147483647;
			files = (
				4484C676D0B2100F7308267F /* Pods_Homework_OrganizerTests.framework in Frameworks */,
			);
			runOnlyForDeploymentPostprocessing = 0;
		};
		799F0B6D24BCCBA900FAECC6 /* Frameworks */ = {
			isa = PBXFrameworksBuildPhase;
			buildActionMask = 2147483647;
			files = (
				9D9A767030D790314F5E9390 /* Pods_Homework_Organizer_Homework_OrganizerUITests.framework in Frameworks */,
			);
			runOnlyForDeploymentPostprocessing = 0;
		};
/* End PBXFrameworksBuildPhase section */

/* Begin PBXGroup section */
		799F0B4124BCCBA700FAECC6 = {
			isa = PBXGroup;
			children = (
				799F0B4C24BCCBA700FAECC6 /* Homework-Organizer */,
				799F0B6824BCCBA900FAECC6 /* Homework-OrganizerTests */,
				799F0B7324BCCBA900FAECC6 /* Homework-OrganizerUITests */,
				799F0B4B24BCCBA700FAECC6 /* Products */,
				B6D779B039A78BD2D87C15CA /* Pods */,
				9774F8B46C173028FA5612B3 /* Frameworks */,
			);
			sourceTree = "<group>";
		};
		799F0B4B24BCCBA700FAECC6 /* Products */ = {
			isa = PBXGroup;
			children = (
				799F0B4A24BCCBA700FAECC6 /* Homework-Organizer.app */,
				799F0B6524BCCBA900FAECC6 /* Homework-OrganizerTests.xctest */,
				799F0B7024BCCBA900FAECC6 /* Homework-OrganizerUITests.xctest */,
			);
			name = Products;
			sourceTree = "<group>";
		};
		799F0B4C24BCCBA700FAECC6 /* Homework-Organizer */ = {
			isa = PBXGroup;
			children = (
				799F0B8524BCCEEC00FAECC6 /* Models */,
				799F0B8324BCCED400FAECC6 /* Views */,
				799F0B8224BCCEC000FAECC6 /* View Controllers */,
				799F0B4D24BCCBA700FAECC6 /* AppDelegate.h */,
				799F0B4E24BCCBA700FAECC6 /* AppDelegate.m */,
				799F0B5024BCCBA700FAECC6 /* SceneDelegate.h */,
				799F0B5124BCCBA700FAECC6 /* SceneDelegate.m */,
				799F0B5624BCCBA700FAECC6 /* Main.storyboard */,
				799F0B5924BCCBA900FAECC6 /* Assets.xcassets */,
				799F0B5B24BCCBA900FAECC6 /* LaunchScreen.storyboard */,
				799F0B5E24BCCBA900FAECC6 /* Info.plist */,
				799F0B5F24BCCBA900FAECC6 /* main.m */,
			);
			path = "Homework-Organizer";
			sourceTree = "<group>";
		};
		799F0B6824BCCBA900FAECC6 /* Homework-OrganizerTests */ = {
			isa = PBXGroup;
			children = (
				799F0B6924BCCBA900FAECC6 /* Homework_OrganizerTests.m */,
				799F0B6B24BCCBA900FAECC6 /* Info.plist */,
			);
			path = "Homework-OrganizerTests";
			sourceTree = "<group>";
		};
		799F0B7324BCCBA900FAECC6 /* Homework-OrganizerUITests */ = {
			isa = PBXGroup;
			children = (
				799F0B7424BCCBA900FAECC6 /* Homework_OrganizerUITests.m */,
				799F0B7624BCCBA900FAECC6 /* Info.plist */,
			);
			path = "Homework-OrganizerUITests";
			sourceTree = "<group>";
		};
		799F0B8224BCCEC000FAECC6 /* View Controllers */ = {
			isa = PBXGroup;
			children = (
				799F0B8624BCCF0F00FAECC6 /* LoginViewController.h */,
				799F0B8724BCCF0F00FAECC6 /* LoginViewController.m */,
				799F0B8924BCCF2100FAECC6 /* DetailsViewController.h */,
				799F0B8A24BCCF2100FAECC6 /* DetailsViewController.m */,
				799F0B8C24BCCF3900FAECC6 /* AssignmentListViewController.h */,
				799F0B8D24BCCF3900FAECC6 /* AssignmentListViewController.m */,
				799F0B8F24BCCF4500FAECC6 /* CreateViewController.h */,
				799F0B9024BCCF4500FAECC6 /* CreateViewController.m */,
				79CF669024BCD063007729B9 /* CalendarViewController.h */,
				79CF669124BCD063007729B9 /* CalendarViewController.m */,
				7932F23D24BE32480067241A /* AddSubtasksViewController.h */,
				7932F23E24BE32480067241A /* AddSubtasksViewController.m */,
			);
			path = "View Controllers";
			sourceTree = "<group>";
		};
		799F0B8324BCCED400FAECC6 /* Views */ = {
			isa = PBXGroup;
			children = (
				79CF669324BCD52F007729B9 /* AssignmentListCell.h */,
				79CF669424BCD52F007729B9 /* AssignmentListCell.m */,
			);
			path = Views;
			sourceTree = "<group>";
		};
		799F0B8524BCCEEC00FAECC6 /* Models */ = {
			isa = PBXGroup;
			children = (
				79CF669624BCE4EA007729B9 /* Assignment.h */,
				79CF669724BCE4EA007729B9 /* Assignment.m */,
				79CF669924BCF7F4007729B9 /* Subtask.h */,
				79CF669A24BCF7F4007729B9 /* Subtask.m */,
			);
			path = Models;
			sourceTree = "<group>";
		};
		9774F8B46C173028FA5612B3 /* Frameworks */ = {
			isa = PBXGroup;
			children = (
				10E73D98D67B78703D73A582 /* Pods_Homework_Organizer.framework */,
				B28852C451B243D4CCDD7197 /* Pods_Homework_Organizer_Homework_OrganizerUITests.framework */,
				11F8A8F604EACD577B865828 /* Pods_Homework_OrganizerTests.framework */,
			);
			name = Frameworks;
			sourceTree = "<group>";
		};
		B6D779B039A78BD2D87C15CA /* Pods */ = {
			isa = PBXGroup;
			children = (
				8FF95A935ACA25C7CB11B5AA /* Pods-Homework-Organizer.debug.xcconfig */,
				BFEF88F1A378FF48A630A63E /* Pods-Homework-Organizer.release.xcconfig */,
				B4DDA940E9B8EF6A88E6E198 /* Pods-Homework-Organizer-Homework-OrganizerUITests.debug.xcconfig */,
				C8945EE53F36881A8031A815 /* Pods-Homework-Organizer-Homework-OrganizerUITests.release.xcconfig */,
				663374155023BDA3D32591F7 /* Pods-Homework-OrganizerTests.debug.xcconfig */,
				FD7B08A34FA67751C75E8562 /* Pods-Homework-OrganizerTests.release.xcconfig */,
			);
			path = Pods;
			sourceTree = "<group>";
		};
/* End PBXGroup section */

/* Begin PBXNativeTarget section */
		799F0B4924BCCBA700FAECC6 /* Homework-Organizer */ = {
			isa = PBXNativeTarget;
			buildConfigurationList = 799F0B7924BCCBA900FAECC6 /* Build configuration list for PBXNativeTarget "Homework-Organizer" */;
			buildPhases = (
				4471547432D0BFBFC8A7FAFC /* [CP] Check Pods Manifest.lock */,
				799F0B4624BCCBA700FAECC6 /* Sources */,
				799F0B4724BCCBA700FAECC6 /* Frameworks */,
				799F0B4824BCCBA700FAECC6 /* Resources */,
				8244CCBEDA9DF5D25B8F3A21 /* [CP] Embed Pods Frameworks */,
			);
			buildRules = (
			);
			dependencies = (
			);
			name = "Homework-Organizer";
			productName = "Homework-Organizer";
			productReference = 799F0B4A24BCCBA700FAECC6 /* Homework-Organizer.app */;
			productType = "com.apple.product-type.application";
		};
		799F0B6424BCCBA900FAECC6 /* Homework-OrganizerTests */ = {
			isa = PBXNativeTarget;
			buildConfigurationList = 799F0B7C24BCCBA900FAECC6 /* Build configuration list for PBXNativeTarget "Homework-OrganizerTests" */;
			buildPhases = (
				7F5720D509CD452F32E6CF6F /* [CP] Check Pods Manifest.lock */,
				799F0B6124BCCBA900FAECC6 /* Sources */,
				799F0B6224BCCBA900FAECC6 /* Frameworks */,
				799F0B6324BCCBA900FAECC6 /* Resources */,
			);
			buildRules = (
			);
			dependencies = (
				799F0B6724BCCBA900FAECC6 /* PBXTargetDependency */,
			);
			name = "Homework-OrganizerTests";
			productName = "Homework-OrganizerTests";
			productReference = 799F0B6524BCCBA900FAECC6 /* Homework-OrganizerTests.xctest */;
			productType = "com.apple.product-type.bundle.unit-test";
		};
		799F0B6F24BCCBA900FAECC6 /* Homework-OrganizerUITests */ = {
			isa = PBXNativeTarget;
			buildConfigurationList = 799F0B7F24BCCBA900FAECC6 /* Build configuration list for PBXNativeTarget "Homework-OrganizerUITests" */;
			buildPhases = (
				5C39BEAC27693513A1556A4D /* [CP] Check Pods Manifest.lock */,
				799F0B6C24BCCBA900FAECC6 /* Sources */,
				799F0B6D24BCCBA900FAECC6 /* Frameworks */,
				799F0B6E24BCCBA900FAECC6 /* Resources */,
				07B4E2A402702AB24E2A6A3E /* [CP] Embed Pods Frameworks */,
			);
			buildRules = (
			);
			dependencies = (
				799F0B7224BCCBA900FAECC6 /* PBXTargetDependency */,
			);
			name = "Homework-OrganizerUITests";
			productName = "Homework-OrganizerUITests";
			productReference = 799F0B7024BCCBA900FAECC6 /* Homework-OrganizerUITests.xctest */;
			productType = "com.apple.product-type.bundle.ui-testing";
		};
/* End PBXNativeTarget section */

/* Begin PBXProject section */
		799F0B4224BCCBA700FAECC6 /* Project object */ = {
			isa = PBXProject;
			attributes = {
				LastUpgradeCheck = 1150;
				ORGANIZATIONNAME = "Julie Herrick";
				TargetAttributes = {
					799F0B4924BCCBA700FAECC6 = {
						CreatedOnToolsVersion = 11.5;
					};
					799F0B6424BCCBA900FAECC6 = {
						CreatedOnToolsVersion = 11.5;
						TestTargetID = 799F0B4924BCCBA700FAECC6;
					};
					799F0B6F24BCCBA900FAECC6 = {
						CreatedOnToolsVersion = 11.5;
						TestTargetID = 799F0B4924BCCBA700FAECC6;
					};
				};
			};
			buildConfigurationList = 799F0B4524BCCBA700FAECC6 /* Build configuration list for PBXProject "Homework-Organizer" */;
			compatibilityVersion = "Xcode 9.3";
			developmentRegion = en;
			hasScannedForEncodings = 0;
			knownRegions = (
				en,
				Base,
			);
			mainGroup = 799F0B4124BCCBA700FAECC6;
			productRefGroup = 799F0B4B24BCCBA700FAECC6 /* Products */;
			projectDirPath = "";
			projectRoot = "";
			targets = (
				799F0B4924BCCBA700FAECC6 /* Homework-Organizer */,
				799F0B6424BCCBA900FAECC6 /* Homework-OrganizerTests */,
				799F0B6F24BCCBA900FAECC6 /* Homework-OrganizerUITests */,
			);
		};
/* End PBXProject section */

/* Begin PBXResourcesBuildPhase section */
		799F0B4824BCCBA700FAECC6 /* Resources */ = {
			isa = PBXResourcesBuildPhase;
			buildActionMask = 2147483647;
			files = (
				799F0B5D24BCCBA900FAECC6 /* LaunchScreen.storyboard in Resources */,
				799F0B5A24BCCBA900FAECC6 /* Assets.xcassets in Resources */,
				799F0B5824BCCBA700FAECC6 /* Main.storyboard in Resources */,
			);
			runOnlyForDeploymentPostprocessing = 0;
		};
		799F0B6324BCCBA900FAECC6 /* Resources */ = {
			isa = PBXResourcesBuildPhase;
			buildActionMask = 2147483647;
			files = (
			);
			runOnlyForDeploymentPostprocessing = 0;
		};
		799F0B6E24BCCBA900FAECC6 /* Resources */ = {
			isa = PBXResourcesBuildPhase;
			buildActionMask = 2147483647;
			files = (
			);
			runOnlyForDeploymentPostprocessing = 0;
		};
/* End PBXResourcesBuildPhase section */

/* Begin PBXShellScriptBuildPhase section */
		07B4E2A402702AB24E2A6A3E /* [CP] Embed Pods Frameworks */ = {
			isa = PBXShellScriptBuildPhase;
			buildActionMask = 2147483647;
			files = (
			);
			inputFileListPaths = (
				"${PODS_ROOT}/Target Support Files/Pods-Homework-Organizer-Homework-OrganizerUITests/Pods-Homework-Organizer-Homework-OrganizerUITests-frameworks-${CONFIGURATION}-input-files.xcfilelist",
			);
			name = "[CP] Embed Pods Frameworks";
			outputFileListPaths = (
				"${PODS_ROOT}/Target Support Files/Pods-Homework-Organizer-Homework-OrganizerUITests/Pods-Homework-Organizer-Homework-OrganizerUITests-frameworks-${CONFIGURATION}-output-files.xcfilelist",
			);
			runOnlyForDeploymentPostprocessing = 0;
			shellPath = /bin/sh;
			shellScript = "\"${PODS_ROOT}/Target Support Files/Pods-Homework-Organizer-Homework-OrganizerUITests/Pods-Homework-Organizer-Homework-OrganizerUITests-frameworks.sh\"\n";
			showEnvVarsInLog = 0;
		};
		4471547432D0BFBFC8A7FAFC /* [CP] Check Pods Manifest.lock */ = {
			isa = PBXShellScriptBuildPhase;
			buildActionMask = 2147483647;
			files = (
			);
			inputFileListPaths = (
			);
			inputPaths = (
				"${PODS_PODFILE_DIR_PATH}/Podfile.lock",
				"${PODS_ROOT}/Manifest.lock",
			);
			name = "[CP] Check Pods Manifest.lock";
			outputFileListPaths = (
			);
			outputPaths = (
				"$(DERIVED_FILE_DIR)/Pods-Homework-Organizer-checkManifestLockResult.txt",
			);
			runOnlyForDeploymentPostprocessing = 0;
			shellPath = /bin/sh;
			shellScript = "diff \"${PODS_PODFILE_DIR_PATH}/Podfile.lock\" \"${PODS_ROOT}/Manifest.lock\" > /dev/null\nif [ $? != 0 ] ; then\n    # print error to STDERR\n    echo \"error: The sandbox is not in sync with the Podfile.lock. Run 'pod install' or update your CocoaPods installation.\" >&2\n    exit 1\nfi\n# This output is used by Xcode 'outputs' to avoid re-running this script phase.\necho \"SUCCESS\" > \"${SCRIPT_OUTPUT_FILE_0}\"\n";
			showEnvVarsInLog = 0;
		};
		5C39BEAC27693513A1556A4D /* [CP] Check Pods Manifest.lock */ = {
			isa = PBXShellScriptBuildPhase;
			buildActionMask = 2147483647;
			files = (
			);
			inputFileListPaths = (
			);
			inputPaths = (
				"${PODS_PODFILE_DIR_PATH}/Podfile.lock",
				"${PODS_ROOT}/Manifest.lock",
			);
			name = "[CP] Check Pods Manifest.lock";
			outputFileListPaths = (
			);
			outputPaths = (
				"$(DERIVED_FILE_DIR)/Pods-Homework-Organizer-Homework-OrganizerUITests-checkManifestLockResult.txt",
			);
			runOnlyForDeploymentPostprocessing = 0;
			shellPath = /bin/sh;
			shellScript = "diff \"${PODS_PODFILE_DIR_PATH}/Podfile.lock\" \"${PODS_ROOT}/Manifest.lock\" > /dev/null\nif [ $? != 0 ] ; then\n    # print error to STDERR\n    echo \"error: The sandbox is not in sync with the Podfile.lock. Run 'pod install' or update your CocoaPods installation.\" >&2\n    exit 1\nfi\n# This output is used by Xcode 'outputs' to avoid re-running this script phase.\necho \"SUCCESS\" > \"${SCRIPT_OUTPUT_FILE_0}\"\n";
			showEnvVarsInLog = 0;
		};
		7F5720D509CD452F32E6CF6F /* [CP] Check Pods Manifest.lock */ = {
			isa = PBXShellScriptBuildPhase;
			buildActionMask = 2147483647;
			files = (
			);
			inputFileListPaths = (
			);
			inputPaths = (
				"${PODS_PODFILE_DIR_PATH}/Podfile.lock",
				"${PODS_ROOT}/Manifest.lock",
			);
			name = "[CP] Check Pods Manifest.lock";
			outputFileListPaths = (
			);
			outputPaths = (
				"$(DERIVED_FILE_DIR)/Pods-Homework-OrganizerTests-checkManifestLockResult.txt",
			);
			runOnlyForDeploymentPostprocessing = 0;
			shellPath = /bin/sh;
			shellScript = "diff \"${PODS_PODFILE_DIR_PATH}/Podfile.lock\" \"${PODS_ROOT}/Manifest.lock\" > /dev/null\nif [ $? != 0 ] ; then\n    # print error to STDERR\n    echo \"error: The sandbox is not in sync with the Podfile.lock. Run 'pod install' or update your CocoaPods installation.\" >&2\n    exit 1\nfi\n# This output is used by Xcode 'outputs' to avoid re-running this script phase.\necho \"SUCCESS\" > \"${SCRIPT_OUTPUT_FILE_0}\"\n";
			showEnvVarsInLog = 0;
		};
		8244CCBEDA9DF5D25B8F3A21 /* [CP] Embed Pods Frameworks */ = {
			isa = PBXShellScriptBuildPhase;
			buildActionMask = 2147483647;
			files = (
			);
			inputFileListPaths = (
				"${PODS_ROOT}/Target Support Files/Pods-Homework-Organizer/Pods-Homework-Organizer-frameworks-${CONFIGURATION}-input-files.xcfilelist",
			);
			name = "[CP] Embed Pods Frameworks";
			outputFileListPaths = (
				"${PODS_ROOT}/Target Support Files/Pods-Homework-Organizer/Pods-Homework-Organizer-frameworks-${CONFIGURATION}-output-files.xcfilelist",
			);
			runOnlyForDeploymentPostprocessing = 0;
			shellPath = /bin/sh;
			shellScript = "\"${PODS_ROOT}/Target Support Files/Pods-Homework-Organizer/Pods-Homework-Organizer-frameworks.sh\"\n";
			showEnvVarsInLog = 0;
		};
/* End PBXShellScriptBuildPhase section */

/* Begin PBXSourcesBuildPhase section */
		799F0B4624BCCBA700FAECC6 /* Sources */ = {
			isa = PBXSourcesBuildPhase;
			buildActionMask = 2147483647;
			files = (
				79CF669824BCE4EA007729B9 /* Assignment.m in Sources */,
				79CF669524BCD52F007729B9 /* AssignmentListCell.m in Sources */,
				79CF669224BCD063007729B9 /* CalendarViewController.m in Sources */,
				79CF669B24BCF7F4007729B9 /* Subtask.m in Sources */,
				7932F23F24BE32480067241A /* AddSubtasksViewController.m in Sources */,
				799F0B4F24BCCBA700FAECC6 /* AppDelegate.m in Sources */,
				799F0B8E24BCCF3900FAECC6 /* AssignmentListViewController.m in Sources */,
				799F0B6024BCCBA900FAECC6 /* main.m in Sources */,
				799F0B9124BCCF4500FAECC6 /* CreateViewController.m in Sources */,
				799F0B8B24BCCF2100FAECC6 /* DetailsViewController.m in Sources */,
				799F0B5224BCCBA700FAECC6 /* SceneDelegate.m in Sources */,
				799F0B8824BCCF0F00FAECC6 /* LoginViewController.m in Sources */,
			);
			runOnlyForDeploymentPostprocessing = 0;
		};
		799F0B6124BCCBA900FAECC6 /* Sources */ = {
			isa = PBXSourcesBuildPhase;
			buildActionMask = 2147483647;
			files = (
				799F0B6A24BCCBA900FAECC6 /* Homework_OrganizerTests.m in Sources */,
			);
			runOnlyForDeploymentPostprocessing = 0;
		};
		799F0B6C24BCCBA900FAECC6 /* Sources */ = {
			isa = PBXSourcesBuildPhase;
			buildActionMask = 2147483647;
			files = (
				799F0B7524BCCBA900FAECC6 /* Homework_OrganizerUITests.m in Sources */,
			);
			runOnlyForDeploymentPostprocessing = 0;
		};
/* End PBXSourcesBuildPhase section */

/* Begin PBXTargetDependency section */
		799F0B6724BCCBA900FAECC6 /* PBXTargetDependency */ = {
			isa = PBXTargetDependency;
			target = 799F0B4924BCCBA700FAECC6 /* Homework-Organizer */;
			targetProxy = 799F0B6624BCCBA900FAECC6 /* PBXContainerItemProxy */;
		};
		799F0B7224BCCBA900FAECC6 /* PBXTargetDependency */ = {
			isa = PBXTargetDependency;
			target = 799F0B4924BCCBA700FAECC6 /* Homework-Organizer */;
			targetProxy = 799F0B7124BCCBA900FAECC6 /* PBXContainerItemProxy */;
		};
/* End PBXTargetDependency section */

/* Begin PBXVariantGroup section */
		799F0B5624BCCBA700FAECC6 /* Main.storyboard */ = {
			isa = PBXVariantGroup;
			children = (
				799F0B5724BCCBA700FAECC6 /* Base */,
			);
			name = Main.storyboard;
			sourceTree = "<group>";
		};
		799F0B5B24BCCBA900FAECC6 /* LaunchScreen.storyboard */ = {
			isa = PBXVariantGroup;
			children = (
				799F0B5C24BCCBA900FAECC6 /* Base */,
			);
			name = LaunchScreen.storyboard;
			sourceTree = "<group>";
		};
/* End PBXVariantGroup section */

/* Begin XCBuildConfiguration section */
		799F0B7724BCCBA900FAECC6 /* Debug */ = {
			isa = XCBuildConfiguration;
			buildSettings = {
				ALWAYS_SEARCH_USER_PATHS = NO;
				CLANG_ANALYZER_NONNULL = YES;
				CLANG_ANALYZER_NUMBER_OBJECT_CONVERSION = YES_AGGRESSIVE;
				CLANG_CXX_LANGUAGE_STANDARD = "gnu++14";
				CLANG_CXX_LIBRARY = "libc++";
				CLANG_ENABLE_MODULES = YES;
				CLANG_ENABLE_OBJC_ARC = YES;
				CLANG_ENABLE_OBJC_WEAK = YES;
				CLANG_WARN_BLOCK_CAPTURE_AUTORELEASING = YES;
				CLANG_WARN_BOOL_CONVERSION = YES;
				CLANG_WARN_COMMA = YES;
				CLANG_WARN_CONSTANT_CONVERSION = YES;
				CLANG_WARN_DEPRECATED_OBJC_IMPLEMENTATIONS = YES;
				CLANG_WARN_DIRECT_OBJC_ISA_USAGE = YES_ERROR;
				CLANG_WARN_DOCUMENTATION_COMMENTS = YES;
				CLANG_WARN_EMPTY_BODY = YES;
				CLANG_WARN_ENUM_CONVERSION = YES;
				CLANG_WARN_INFINITE_RECURSION = YES;
				CLANG_WARN_INT_CONVERSION = YES;
				CLANG_WARN_NON_LITERAL_NULL_CONVERSION = YES;
				CLANG_WARN_OBJC_IMPLICIT_RETAIN_SELF = YES;
				CLANG_WARN_OBJC_LITERAL_CONVERSION = YES;
				CLANG_WARN_OBJC_ROOT_CLASS = YES_ERROR;
				CLANG_WARN_RANGE_LOOP_ANALYSIS = YES;
				CLANG_WARN_STRICT_PROTOTYPES = YES;
				CLANG_WARN_SUSPICIOUS_MOVE = YES;
				CLANG_WARN_UNGUARDED_AVAILABILITY = YES_AGGRESSIVE;
				CLANG_WARN_UNREACHABLE_CODE = YES;
				CLANG_WARN__DUPLICATE_METHOD_MATCH = YES;
				COPY_PHASE_STRIP = NO;
				DEBUG_INFORMATION_FORMAT = dwarf;
				ENABLE_STRICT_OBJC_MSGSEND = YES;
				ENABLE_TESTABILITY = YES;
				GCC_C_LANGUAGE_STANDARD = gnu11;
				GCC_DYNAMIC_NO_PIC = NO;
				GCC_NO_COMMON_BLOCKS = YES;
				GCC_OPTIMIZATION_LEVEL = 0;
				GCC_PREPROCESSOR_DEFINITIONS = (
					"DEBUG=1",
					"$(inherited)",
				);
				GCC_WARN_64_TO_32_BIT_CONVERSION = YES;
				GCC_WARN_ABOUT_RETURN_TYPE = YES_ERROR;
				GCC_WARN_UNDECLARED_SELECTOR = YES;
				GCC_WARN_UNINITIALIZED_AUTOS = YES_AGGRESSIVE;
				GCC_WARN_UNUSED_FUNCTION = YES;
				GCC_WARN_UNUSED_VARIABLE = YES;
				IPHONEOS_DEPLOYMENT_TARGET = 13.5;
				MTL_ENABLE_DEBUG_INFO = INCLUDE_SOURCE;
				MTL_FAST_MATH = YES;
				ONLY_ACTIVE_ARCH = YES;
				SDKROOT = iphoneos;
			};
			name = Debug;
		};
		799F0B7824BCCBA900FAECC6 /* Release */ = {
			isa = XCBuildConfiguration;
			buildSettings = {
				ALWAYS_SEARCH_USER_PATHS = NO;
				CLANG_ANALYZER_NONNULL = YES;
				CLANG_ANALYZER_NUMBER_OBJECT_CONVERSION = YES_AGGRESSIVE;
				CLANG_CXX_LANGUAGE_STANDARD = "gnu++14";
				CLANG_CXX_LIBRARY = "libc++";
				CLANG_ENABLE_MODULES = YES;
				CLANG_ENABLE_OBJC_ARC = YES;
				CLANG_ENABLE_OBJC_WEAK = YES;
				CLANG_WARN_BLOCK_CAPTURE_AUTORELEASING = YES;
				CLANG_WARN_BOOL_CONVERSION = YES;
				CLANG_WARN_COMMA = YES;
				CLANG_WARN_CONSTANT_CONVERSION = YES;
				CLANG_WARN_DEPRECATED_OBJC_IMPLEMENTATIONS = YES;
				CLANG_WARN_DIRECT_OBJC_ISA_USAGE = YES_ERROR;
				CLANG_WARN_DOCUMENTATION_COMMENTS = YES;
				CLANG_WARN_EMPTY_BODY = YES;
				CLANG_WARN_ENUM_CONVERSION = YES;
				CLANG_WARN_INFINITE_RECURSION = YES;
				CLANG_WARN_INT_CONVERSION = YES;
				CLANG_WARN_NON_LITERAL_NULL_CONVERSION = YES;
				CLANG_WARN_OBJC_IMPLICIT_RETAIN_SELF = YES;
				CLANG_WARN_OBJC_LITERAL_CONVERSION = YES;
				CLANG_WARN_OBJC_ROOT_CLASS = YES_ERROR;
				CLANG_WARN_RANGE_LOOP_ANALYSIS = YES;
				CLANG_WARN_STRICT_PROTOTYPES = YES;
				CLANG_WARN_SUSPICIOUS_MOVE = YES;
				CLANG_WARN_UNGUARDED_AVAILABILITY = YES_AGGRESSIVE;
				CLANG_WARN_UNREACHABLE_CODE = YES;
				CLANG_WARN__DUPLICATE_METHOD_MATCH = YES;
				COPY_PHASE_STRIP = NO;
				DEBUG_INFORMATION_FORMAT = "dwarf-with-dsym";
				ENABLE_NS_ASSERTIONS = NO;
				ENABLE_STRICT_OBJC_MSGSEND = YES;
				GCC_C_LANGUAGE_STANDARD = gnu11;
				GCC_NO_COMMON_BLOCKS = YES;
				GCC_WARN_64_TO_32_BIT_CONVERSION = YES;
				GCC_WARN_ABOUT_RETURN_TYPE = YES_ERROR;
				GCC_WARN_UNDECLARED_SELECTOR = YES;
				GCC_WARN_UNINITIALIZED_AUTOS = YES_AGGRESSIVE;
				GCC_WARN_UNUSED_FUNCTION = YES;
				GCC_WARN_UNUSED_VARIABLE = YES;
				IPHONEOS_DEPLOYMENT_TARGET = 13.5;
				MTL_ENABLE_DEBUG_INFO = NO;
				MTL_FAST_MATH = YES;
				SDKROOT = iphoneos;
				VALIDATE_PRODUCT = YES;
			};
			name = Release;
		};
		799F0B7A24BCCBA900FAECC6 /* Debug */ = {
			isa = XCBuildConfiguration;
			baseConfigurationReference = 8FF95A935ACA25C7CB11B5AA /* Pods-Homework-Organizer.debug.xcconfig */;
			buildSettings = {
				ASSETCATALOG_COMPILER_APPICON_NAME = AppIcon;
				CODE_SIGN_STYLE = Automatic;
				DEVELOPMENT_TEAM = HX3HYZ63M6;
				INFOPLIST_FILE = "Homework-Organizer/Info.plist";
				LD_RUNPATH_SEARCH_PATHS = (
					"$(inherited)",
					"@executable_path/Frameworks",
				);
				PRODUCT_BUNDLE_IDENTIFIER = "com.julieherrick.Homework-Organizer";
				PRODUCT_NAME = "$(TARGET_NAME)";
				TARGETED_DEVICE_FAMILY = "1,2";
			};
			name = Debug;
		};
		799F0B7B24BCCBA900FAECC6 /* Release */ = {
			isa = XCBuildConfiguration;
			baseConfigurationReference = BFEF88F1A378FF48A630A63E /* Pods-Homework-Organizer.release.xcconfig */;
			buildSettings = {
				ASSETCATALOG_COMPILER_APPICON_NAME = AppIcon;
				CODE_SIGN_STYLE = Automatic;
				DEVELOPMENT_TEAM = HX3HYZ63M6;
				INFOPLIST_FILE = "Homework-Organizer/Info.plist";
				LD_RUNPATH_SEARCH_PATHS = (
					"$(inherited)",
					"@executable_path/Frameworks",
				);
				PRODUCT_BUNDLE_IDENTIFIER = "com.julieherrick.Homework-Organizer";
				PRODUCT_NAME = "$(TARGET_NAME)";
				TARGETED_DEVICE_FAMILY = "1,2";
			};
			name = Release;
		};
		799F0B7D24BCCBA900FAECC6 /* Debug */ = {
			isa = XCBuildConfiguration;
			baseConfigurationReference = 663374155023BDA3D32591F7 /* Pods-Homework-OrganizerTests.debug.xcconfig */;
			buildSettings = {
				BUNDLE_LOADER = "$(TEST_HOST)";
				CODE_SIGN_STYLE = Automatic;
				DEVELOPMENT_TEAM = HX3HYZ63M6;
				INFOPLIST_FILE = "Homework-OrganizerTests/Info.plist";
				IPHONEOS_DEPLOYMENT_TARGET = 13.5;
				LD_RUNPATH_SEARCH_PATHS = (
					"$(inherited)",
					"@executable_path/Frameworks",
					"@loader_path/Frameworks",
				);
				PRODUCT_BUNDLE_IDENTIFIER = "com.julieherrick.Homework-OrganizerTests";
				PRODUCT_NAME = "$(TARGET_NAME)";
				TARGETED_DEVICE_FAMILY = "1,2";
				TEST_HOST = "$(BUILT_PRODUCTS_DIR)/Homework-Organizer.app/Homework-Organizer";
			};
			name = Debug;
		};
		799F0B7E24BCCBA900FAECC6 /* Release */ = {
			isa = XCBuildConfiguration;
			baseConfigurationReference = FD7B08A34FA67751C75E8562 /* Pods-Homework-OrganizerTests.release.xcconfig */;
			buildSettings = {
				BUNDLE_LOADER = "$(TEST_HOST)";
				CODE_SIGN_STYLE = Automatic;
				DEVELOPMENT_TEAM = HX3HYZ63M6;
				INFOPLIST_FILE = "Homework-OrganizerTests/Info.plist";
				IPHONEOS_DEPLOYMENT_TARGET = 13.5;
				LD_RUNPATH_SEARCH_PATHS = (
					"$(inherited)",
					"@executable_path/Frameworks",
					"@loader_path/Frameworks",
				);
				PRODUCT_BUNDLE_IDENTIFIER = "com.julieherrick.Homework-OrganizerTests";
				PRODUCT_NAME = "$(TARGET_NAME)";
				TARGETED_DEVICE_FAMILY = "1,2";
				TEST_HOST = "$(BUILT_PRODUCTS_DIR)/Homework-Organizer.app/Homework-Organizer";
			};
			name = Release;
		};
		799F0B8024BCCBA900FAECC6 /* Debug */ = {
			isa = XCBuildConfiguration;
			baseConfigurationReference = B4DDA940E9B8EF6A88E6E198 /* Pods-Homework-Organizer-Homework-OrganizerUITests.debug.xcconfig */;
			buildSettings = {
				CODE_SIGN_STYLE = Automatic;
				DEVELOPMENT_TEAM = HX3HYZ63M6;
				INFOPLIST_FILE = "Homework-OrganizerUITests/Info.plist";
				LD_RUNPATH_SEARCH_PATHS = (
					"$(inherited)",
					"@executable_path/Frameworks",
					"@loader_path/Frameworks",
				);
				PRODUCT_BUNDLE_IDENTIFIER = "com.julieherrick.Homework-OrganizerUITests";
				PRODUCT_NAME = "$(TARGET_NAME)";
				TARGETED_DEVICE_FAMILY = "1,2";
				TEST_TARGET_NAME = "Homework-Organizer";
			};
			name = Debug;
		};
		799F0B8124BCCBA900FAECC6 /* Release */ = {
			isa = XCBuildConfiguration;
			baseConfigurationReference = C8945EE53F36881A8031A815 /* Pods-Homework-Organizer-Homework-OrganizerUITests.release.xcconfig */;
			buildSettings = {
				CODE_SIGN_STYLE = Automatic;
				DEVELOPMENT_TEAM = HX3HYZ63M6;
				INFOPLIST_FILE = "Homework-OrganizerUITests/Info.plist";
				LD_RUNPATH_SEARCH_PATHS = (
					"$(inherited)",
					"@executable_path/Frameworks",
					"@loader_path/Frameworks",
				);
				PRODUCT_BUNDLE_IDENTIFIER = "com.julieherrick.Homework-OrganizerUITests";
				PRODUCT_NAME = "$(TARGET_NAME)";
				TARGETED_DEVICE_FAMILY = "1,2";
				TEST_TARGET_NAME = "Homework-Organizer";
			};
			name = Release;
		};
/* End XCBuildConfiguration section */

/* Begin XCConfigurationList section */
		799F0B4524BCCBA700FAECC6 /* Build configuration list for PBXProject "Homework-Organizer" */ = {
			isa = XCConfigurationList;
			buildConfigurations = (
				799F0B7724BCCBA900FAECC6 /* Debug */,
				799F0B7824BCCBA900FAECC6 /* Release */,
			);
			defaultConfigurationIsVisible = 0;
			defaultConfigurationName = Release;
		};
		799F0B7924BCCBA900FAECC6 /* Build configuration list for PBXNativeTarget "Homework-Organizer" */ = {
			isa = XCConfigurationList;
			buildConfigurations = (
				799F0B7A24BCCBA900FAECC6 /* Debug */,
				799F0B7B24BCCBA900FAECC6 /* Release */,
			);
			defaultConfigurationIsVisible = 0;
			defaultConfigurationName = Release;
		};
		799F0B7C24BCCBA900FAECC6 /* Build configuration list for PBXNativeTarget "Homework-OrganizerTests" */ = {
			isa = XCConfigurationList;
			buildConfigurations = (
				799F0B7D24BCCBA900FAECC6 /* Debug */,
				799F0B7E24BCCBA900FAECC6 /* Release */,
			);
			defaultConfigurationIsVisible = 0;
			defaultConfigurationName = Release;
		};
		799F0B7F24BCCBA900FAECC6 /* Build configuration list for PBXNativeTarget "Homework-OrganizerUITests" */ = {
			isa = XCConfigurationList;
			buildConfigurations = (
				799F0B8024BCCBA900FAECC6 /* Debug */,
				799F0B8124BCCBA900FAECC6 /* Release */,
			);
			defaultConfigurationIsVisible = 0;
			defaultConfigurationName = Release;
		};
/* End XCConfigurationList section */
	};
	rootObject = 799F0B4224BCCBA700FAECC6 /* Project object */;
}
